
Microsoft Visual Studio Solution File, Format Version 12.00
# Visual Studio 15
VisualStudioVersion = 15.0.27428.2037
MinimumVisualStudioVersion = 10.0.40219.1
Project("{FAE04EC0-301F-11D3-BF4B-00C04F79EFBC}") = "TurkgenProject", "TurkgenProject\TurkgenProject.csproj", "{FA7492CD-2619-4128-8826-2AAF9FA97465}"
EndProject
Global
	GlobalSection(SolutionConfigurationPlatforms) = preSolution
		Debug|Any CPU = Debug|Any CPU
		Release|Any CPU = Release|Any CPU
	EndGlobalSection
	GlobalSection(ProjectConfigurationPlatforms) = postSolution
		{FA7492CD-2619-4128-8826-2AAF9FA97465}.Debug|Any CPU.ActiveCfg = Debug|Any CPU
		{FA7492CD-2619-4128-8826-2AAF9FA97465}.Debug|Any CPU.Build.0 = Debug|Any CPU
		{FA7492CD-2619-4128-8826-2AAF9FA97465}.Release|Any CPU.ActiveCfg = Release|Any CPU
		{FA7492CD-2619-4128-8826-2AAF9FA97465}.Release|Any CPU.Build.0 = Release|Any CPU
	EndGlobalSection
	GlobalSection(SolutionProperties) = preSolution
		HideSolutionNode = FALSE
	EndGlobalSection
	GlobalSection(ExtensibilityGlobals) = postSolution
		SolutionGuid = {57C9C34D-03E4-487E-A0B9-2DFAFBBD3EE0}
	EndGlobalSection
EndGlobal
